
Microsoft Visual Studio Solution File, Format Version 12.00
# Visual Studio Express 14 for Windows Desktop
VisualStudioVersion = 14.0.25420.1
MinimumVisualStudioVersion = 10.0.40219.1
Project("{FAE04EC0-301F-11D3-BF4B-00C04F79EFBC}") = "Google.Protobuf.NET40", "Google.Protobuf.NET40\Google.Protobuf.NET40.csproj", "{39507592-6C84-46BE-AF41-149EFB5A269C}"
EndProject
Project("{FAE04EC0-301F-11D3-BF4B-00C04F79EFBC}") = "Grpc.NET40", "Grpc.NET40\Grpc.NET40.csproj", "{A9D76B82-C524-4B2F-A3B4-36D0AC6D9CC4}"
EndProject
Global
	GlobalSection(SolutionConfigurationPlatforms) = preSolution
		Debug|Any CPU = Debug|Any CPU
		Release|Any CPU = Release|Any CPU
	EndGlobalSection
	GlobalSection(ProjectConfigurationPlatforms) = postSolution
		{39507592-6C84-46BE-AF41-149EFB5A269C}.Debug|Any CPU.ActiveCfg = Debug|Any CPU
		{39507592-6C84-46BE-AF41-149EFB5A269C}.Debug|Any CPU.Build.0 = Debug|Any CPU
		{39507592-6C84-46BE-AF41-149EFB5A269C}.Release|Any CPU.ActiveCfg = Release|Any CPU
		{39507592-6C84-46BE-AF41-149EFB5A269C}.Release|Any CPU.Build.0 = Release|Any CPU
		{A9D76B82-C524-4B2F-A3B4-36D0AC6D9CC4}.Debug|Any CPU.ActiveCfg = Debug|Any CPU
		{A9D76B82-C524-4B2F-A3B4-36D0AC6D9CC4}.Debug|Any CPU.Build.0 = Debug|Any CPU
		{A9D76B82-C524-4B2F-A3B4-36D0AC6D9CC4}.Release|Any CPU.ActiveCfg = Release|Any CPU
		{A9D76B82-C524-4B2F-A3B4-36D0AC6D9CC4}.Release|Any CPU.Build.0 = Release|Any CPU
	EndGlobalSection
	GlobalSection(SolutionProperties) = preSolution
		HideSolutionNode = FALSE
	EndGlobalSection
EndGlobal
