
Microsoft Visual Studio Solution File, Format Version 12.00
# Visual Studio Express 14 for Windows Desktop
VisualStudioVersion = 14.0.25420.1
MinimumVisualStudioVersion = 10.0.40219.1
Project("{FAE04EC0-301F-11D3-BF4B-00C04F79EFBC}") = "TesteProtobuf", "TesteProtobuf\TesteProtobuf.csproj", "{E7FE9A57-4D29-4C5D-A6A1-3D332F4C7AC7}"
EndProject
Project("{FAE04EC0-301F-11D3-BF4B-00C04F79EFBC}") = "TesteScanner", "TesteScanner\TesteScanner.csproj", "{2F12EF9E-E51A-43D5-8BC2-CEF7C17C8174}"
EndProject
Project("{FAE04EC0-301F-11D3-BF4B-00C04F79EFBC}") = "MyRpc", "MyRpc\MyRpc.csproj", "{80EBDA75-7C9E-4D26-A83E-9DBEA40ECDF1}"
EndProject
Global
	GlobalSection(SolutionConfigurationPlatforms) = preSolution
		Debug|Any CPU = Debug|Any CPU
		Release|Any CPU = Release|Any CPU
	EndGlobalSection
	GlobalSection(ProjectConfigurationPlatforms) = postSolution
		{E7FE9A57-4D29-4C5D-A6A1-3D332F4C7AC7}.Debug|Any CPU.ActiveCfg = Debug|Any CPU
		{E7FE9A57-4D29-4C5D-A6A1-3D332F4C7AC7}.Debug|Any CPU.Build.0 = Debug|Any CPU
		{E7FE9A57-4D29-4C5D-A6A1-3D332F4C7AC7}.Release|Any CPU.ActiveCfg = Release|Any CPU
		{E7FE9A57-4D29-4C5D-A6A1-3D332F4C7AC7}.Release|Any CPU.Build.0 = Release|Any CPU
		{2F12EF9E-E51A-43D5-8BC2-CEF7C17C8174}.Debug|Any CPU.ActiveCfg = Debug|Any CPU
		{2F12EF9E-E51A-43D5-8BC2-CEF7C17C8174}.Debug|Any CPU.Build.0 = Debug|Any CPU
		{2F12EF9E-E51A-43D5-8BC2-CEF7C17C8174}.Release|Any CPU.ActiveCfg = Release|Any CPU
		{2F12EF9E-E51A-43D5-8BC2-CEF7C17C8174}.Release|Any CPU.Build.0 = Release|Any CPU
		{80EBDA75-7C9E-4D26-A83E-9DBEA40ECDF1}.Debug|Any CPU.ActiveCfg = Debug|Any CPU
		{80EBDA75-7C9E-4D26-A83E-9DBEA40ECDF1}.Debug|Any CPU.Build.0 = Debug|Any CPU
		{80EBDA75-7C9E-4D26-A83E-9DBEA40ECDF1}.Release|Any CPU.ActiveCfg = Release|Any CPU
		{80EBDA75-7C9E-4D26-A83E-9DBEA40ECDF1}.Release|Any CPU.Build.0 = Release|Any CPU
	EndGlobalSection
	GlobalSection(SolutionProperties) = preSolution
		HideSolutionNode = FALSE
	EndGlobalSection
EndGlobal
